PODS:
  - SimpleTwoWayBinding (0.0.1)

DEPENDENCIES:
  - SimpleTwoWayBinding (from `../`)

EXTERNAL SOURCES:
  SimpleTwoWayBinding:
    :path: "../"

SPEC CHECKSUMS:
  SimpleTwoWayBinding: e33dcbffd4829c023752b8a40a1aa2cb59743f6d

PODFILE CHECKSUM: 4a3fccefb97b1064aec7a3d86ef38fa3f63e817f

COCOAPODS: 1.7.5
